
Microsoft Visual Studio Solution File, Format Version 12.00
# Visual Studio 15
VisualStudioVersion = 15.0.28010.2046
MinimumVisualStudioVersion = 10.0.40219.1
Project("{FAE04EC0-301F-11D3-BF4B-00C04F79EFBC}") = "Confronto_library", "Confronto_library\Confronto_library.csproj", "{2A094F31-8095-4F79-8CF8-3BCF15052770}"
EndProject
Project("{FAE04EC0-301F-11D3-BF4B-00C04F79EFBC}") = "Confronto_library_tests", "Confronto_library_tests\Confronto_library_tests.csproj", "{2129C5BA-D492-4AE8-85CB-9818C6E0DD20}"
EndProject
Global
	GlobalSection(SolutionConfigurationPlatforms) = preSolution
		Debug|Any CPU = Debug|Any CPU
		Release|Any CPU = Release|Any CPU
	EndGlobalSection
	GlobalSection(ProjectConfigurationPlatforms) = postSolution
		{2A094F31-8095-4F79-8CF8-3BCF15052770}.Debug|Any CPU.ActiveCfg = Debug|Any CPU
		{2A094F31-8095-4F79-8CF8-3BCF15052770}.Debug|Any CPU.Build.0 = Debug|Any CPU
		{2A094F31-8095-4F79-8CF8-3BCF15052770}.Release|Any CPU.ActiveCfg = Release|Any CPU
		{2A094F31-8095-4F79-8CF8-3BCF15052770}.Release|Any CPU.Build.0 = Release|Any CPU
		{2129C5BA-D492-4AE8-85CB-9818C6E0DD20}.Debug|Any CPU.ActiveCfg = Debug|Any CPU
		{2129C5BA-D492-4AE8-85CB-9818C6E0DD20}.Debug|Any CPU.Build.0 = Debug|Any CPU
		{2129C5BA-D492-4AE8-85CB-9818C6E0DD20}.Release|Any CPU.ActiveCfg = Release|Any CPU
		{2129C5BA-D492-4AE8-85CB-9818C6E0DD20}.Release|Any CPU.Build.0 = Release|Any CPU
	EndGlobalSection
	GlobalSection(SolutionProperties) = preSolution
		HideSolutionNode = FALSE
	EndGlobalSection
	GlobalSection(ExtensibilityGlobals) = postSolution
		SolutionGuid = {6472A376-7441-450E-9376-93CE4D92D8AA}
	EndGlobalSection
EndGlobal
